
Microsoft Visual Studio Solution File, Format Version 12.00
# Visual Studio 15
VisualStudioVersion = 15.0.28307.489
MinimumVisualStudioVersion = 10.0.40219.1
Project("{8BC9CEB8-8B4A-11D0-8D11-00A0C91BC942}") = "01 STL三大组件", "01 STL三大组件\01 STL三大组件.vcxproj", "{7F0F032E-309B-40E1-B607-E5C83467DE2D}"
EndProject
Project("{8BC9CEB8-8B4A-11D0-8D11-00A0C91BC942}") = "02 string容器", "02 string容器\02 string容器.vcxproj", "{EAC49161-6122-428B-8C07-8BDD50A42C2E}"
EndProject
Project("{8BC9CEB8-8B4A-11D0-8D11-00A0C91BC942}") = "03 vector容器", "03 vector容器\03 vector容器.vcxproj", "{6DB8090F-6A99-4C20-8C13-AD1D5679B7ED}"
EndProject
Project("{8BC9CEB8-8B4A-11D0-8D11-00A0C91BC942}") = "04 deque容器", "04 deque容器\04 deque容器.vcxproj", "{2EA67BE0-B93E-4C45-9AD2-83363D2E5C44}"
EndProject
Project("{8BC9CEB8-8B4A-11D0-8D11-00A0C91BC942}") = "05 评委打分", "05 评委打分\05 评委打分.vcxproj", "{25AD27C7-56AA-40DF-B61F-138D86D709AF}"
EndProject
Project("{8BC9CEB8-8B4A-11D0-8D11-00A0C91BC942}") = "06 stack容器", "06 stack容器\06 stack容器.vcxproj", "{AC495480-D74C-4D61-ACEB-A6F28BDF94F5}"
EndProject
Project("{8BC9CEB8-8B4A-11D0-8D11-00A0C91BC942}") = "07 queue容器", "07 queue容器\07 queue容器.vcxproj", "{EFF8256A-3365-4FC9-A84C-B170E8669C79}"
EndProject
Project("{8BC9CEB8-8B4A-11D0-8D11-00A0C91BC942}") = "08 list容器", "08 list容器\08 list容器.vcxproj", "{FF3DADC3-2192-4D6F-9016-C9D0D264C0DF}"
EndProject
Project("{8BC9CEB8-8B4A-11D0-8D11-00A0C91BC942}") = "09 set容器", "09 set容器\09 set容器.vcxproj", "{676A9785-FC3E-4724-A5C3-5872050D5060}"
EndProject
Project("{8BC9CEB8-8B4A-11D0-8D11-00A0C91BC942}") = "10 pair容器", "10 pair容器\10 pair容器.vcxproj", "{3D519555-191F-479D-B0F9-21391887BB07}"
EndProject
Project("{8BC9CEB8-8B4A-11D0-8D11-00A0C91BC942}") = "11 map容器", "11 map容器\11 map容器.vcxproj", "{2798CBEF-6A18-4370-9D72-DC8C1C6CDE1A}"
EndProject
Project("{8BC9CEB8-8B4A-11D0-8D11-00A0C91BC942}") = "12 multimap案例", "12 multimap案例\12 multimap案例.vcxproj", "{96AF11C5-DB8D-446B-8FE8-5A97C7AB4E47}"
EndProject
Global
	GlobalSection(SolutionConfigurationPlatforms) = preSolution
		Debug|x64 = Debug|x64
		Debug|x86 = Debug|x86
		Release|x64 = Release|x64
		Release|x86 = Release|x86
	EndGlobalSection
	GlobalSection(ProjectConfigurationPlatforms) = postSolution
		{7F0F032E-309B-40E1-B607-E5C83467DE2D}.Debug|x64.ActiveCfg = Debug|x64
		{7F0F032E-309B-40E1-B607-E5C83467DE2D}.Debug|x64.Build.0 = Debug|x64
		{7F0F032E-309B-40E1-B607-E5C83467DE2D}.Debug|x86.ActiveCfg = Debug|Win32
		{7F0F032E-309B-40E1-B607-E5C83467DE2D}.Debug|x86.Build.0 = Debug|Win32
		{7F0F032E-309B-40E1-B607-E5C83467DE2D}.Release|x64.ActiveCfg = Release|x64
		{7F0F032E-309B-40E1-B607-E5C83467DE2D}.Release|x64.Build.0 = Release|x64
		{7F0F032E-309B-40E1-B607-E5C83467DE2D}.Release|x86.ActiveCfg = Release|Win32
		{7F0F032E-309B-40E1-B607-E5C83467DE2D}.Release|x86.Build.0 = Release|Win32
		{EAC49161-6122-428B-8C07-8BDD50A42C2E}.Debug|x64.ActiveCfg = Debug|x64
		{EAC49161-6122-428B-8C07-8BDD50A42C2E}.Debug|x64.Build.0 = Debug|x64
		{EAC49161-6122-428B-8C07-8BDD50A42C2E}.Debug|x86.ActiveCfg = Debug|Win32
		{EAC49161-6122-428B-8C07-8BDD50A42C2E}.Debug|x86.Build.0 = Debug|Win32
		{EAC49161-6122-428B-8C07-8BDD50A42C2E}.Release|x64.ActiveCfg = Release|x64
		{EAC49161-6122-428B-8C07-8BDD50A42C2E}.Release|x64.Build.0 = Release|x64
		{EAC49161-6122-428B-8C07-8BDD50A42C2E}.Release|x86.ActiveCfg = Release|Win32
		{EAC49161-6122-428B-8C07-8BDD50A42C2E}.Release|x86.Build.0 = Release|Win32
		{6DB8090F-6A99-4C20-8C13-AD1D5679B7ED}.Debug|x64.ActiveCfg = Debug|x64
		{6DB8090F-6A99-4C20-8C13-AD1D5679B7ED}.Debug|x64.Build.0 = Debug|x64
		{6DB8090F-6A99-4C20-8C13-AD1D5679B7ED}.Debug|x86.ActiveCfg = Debug|Win32
		{6DB8090F-6A99-4C20-8C13-AD1D5679B7ED}.Debug|x86.Build.0 = Debug|Win32
		{6DB8090F-6A99-4C20-8C13-AD1D5679B7ED}.Release|x64.ActiveCfg = Release|x64
		{6DB8090F-6A99-4C20-8C13-AD1D5679B7ED}.Release|x64.Build.0 = Release|x64
		{6DB8090F-6A99-4C20-8C13-AD1D5679B7ED}.Release|x86.ActiveCfg = Release|Win32
		{6DB8090F-6A99-4C20-8C13-AD1D5679B7ED}.Release|x86.Build.0 = Release|Win32
		{2EA67BE0-B93E-4C45-9AD2-83363D2E5C44}.Debug|x64.ActiveCfg = Debug|x64
		{2EA67BE0-B93E-4C45-9AD2-83363D2E5C44}.Debug|x64.Build.0 = Debug|x64
		{2EA67BE0-B93E-4C45-9AD2-83363D2E5C44}.Debug|x86.ActiveCfg = Debug|Win32
		{2EA67BE0-B93E-4C45-9AD2-83363D2E5C44}.Debug|x86.Build.0 = Debug|Win32
		{2EA67BE0-B93E-4C45-9AD2-83363D2E5C44}.Release|x64.ActiveCfg = Release|x64
		{2EA67BE0-B93E-4C45-9AD2-83363D2E5C44}.Release|x64.Build.0 = Release|x64
		{2EA67BE0-B93E-4C45-9AD2-83363D2E5C44}.Release|x86.ActiveCfg = Release|Win32
		{2EA67BE0-B93E-4C45-9AD2-83363D2E5C44}.Release|x86.Build.0 = Release|Win32
		{25AD27C7-56AA-40DF-B61F-138D86D709AF}.Debug|x64.ActiveCfg = Debug|x64
		{25AD27C7-56AA-40DF-B61F-138D86D709AF}.Debug|x64.Build.0 = Debug|x64
		{25AD27C7-56AA-40DF-B61F-138D86D709AF}.Debug|x86.ActiveCfg = Debug|Win32
		{25AD27C7-56AA-40DF-B61F-138D86D709AF}.Debug|x86.Build.0 = Debug|Win32
		{25AD27C7-56AA-40DF-B61F-138D86D709AF}.Release|x64.ActiveCfg = Release|x64
		{25AD27C7-56AA-40DF-B61F-138D86D709AF}.Release|x64.Build.0 = Release|x64
		{25AD27C7-56AA-40DF-B61F-138D86D709AF}.Release|x86.ActiveCfg = Release|Win32
		{25AD27C7-56AA-40DF-B61F-138D86D709AF}.Release|x86.Build.0 = Release|Win32
		{AC495480-D74C-4D61-ACEB-A6F28BDF94F5}.Debug|x64.ActiveCfg = Debug|x64
		{AC495480-D74C-4D61-ACEB-A6F28BDF94F5}.Debug|x64.Build.0 = Debug|x64
		{AC495480-D74C-4D61-ACEB-A6F28BDF94F5}.Debug|x86.ActiveCfg = Debug|Win32
		{AC495480-D74C-4D61-ACEB-A6F28BDF94F5}.Debug|x86.Build.0 = Debug|Win32
		{AC495480-D74C-4D61-ACEB-A6F28BDF94F5}.Release|x64.ActiveCfg = Release|x64
		{AC495480-D74C-4D61-ACEB-A6F28BDF94F5}.Release|x64.Build.0 = Release|x64
		{AC495480-D74C-4D61-ACEB-A6F28BDF94F5}.Release|x86.ActiveCfg = Release|Win32
		{AC495480-D74C-4D61-ACEB-A6F28BDF94F5}.Release|x86.Build.0 = Release|Win32
		{EFF8256A-3365-4FC9-A84C-B170E8669C79}.Debug|x64.ActiveCfg = Debug|x64
		{EFF8256A-3365-4FC9-A84C-B170E8669C79}.Debug|x64.Build.0 = Debug|x64
		{EFF8256A-3365-4FC9-A84C-B170E8669C79}.Debug|x86.ActiveCfg = Debug|Win32
		{EFF8256A-3365-4FC9-A84C-B170E8669C79}.Debug|x86.Build.0 = Debug|Win32
		{EFF8256A-3365-4FC9-A84C-B170E8669C79}.Release|x64.ActiveCfg = Release|x64
		{EFF8256A-3365-4FC9-A84C-B170E8669C79}.Release|x64.Build.0 = Release|x64
		{EFF8256A-3365-4FC9-A84C-B170E8669C79}.Release|x86.ActiveCfg = Release|Win32
		{EFF8256A-3365-4FC9-A84C-B170E8669C79}.Release|x86.Build.0 = Release|Win32
		{FF3DADC3-2192-4D6F-9016-C9D0D264C0DF}.Debug|x64.ActiveCfg = Debug|x64
		{FF3DADC3-2192-4D6F-9016-C9D0D264C0DF}.Debug|x64.Build.0 = Debug|x64
		{FF3DADC3-2192-4D6F-9016-C9D0D264C0DF}.Debug|x86.ActiveCfg = Debug|Win32
		{FF3DADC3-2192-4D6F-9016-C9D0D264C0DF}.Debug|x86.Build.0 = Debug|Win32
		{FF3DADC3-2192-4D6F-9016-C9D0D264C0DF}.Release|x64.ActiveCfg = Release|x64
		{FF3DADC3-2192-4D6F-9016-C9D0D264C0DF}.Release|x64.Build.0 = Release|x64
		{FF3DADC3-2192-4D6F-9016-C9D0D264C0DF}.Release|x86.ActiveCfg = Release|Win32
		{FF3DADC3-2192-4D6F-9016-C9D0D264C0DF}.Release|x86.Build.0 = Release|Win32
		{676A9785-FC3E-4724-A5C3-5872050D5060}.Debug|x64.ActiveCfg = Debug|x64
		{676A9785-FC3E-4724-A5C3-5872050D5060}.Debug|x64.Build.0 = Debug|x64
		{676A9785-FC3E-4724-A5C3-5872050D5060}.Debug|x86.ActiveCfg = Debug|Win32
		{676A9785-FC3E-4724-A5C3-5872050D5060}.Debug|x86.Build.0 = Debug|Win32
		{676A9785-FC3E-4724-A5C3-5872050D5060}.Release|x64.ActiveCfg = Release|x64
		{676A9785-FC3E-4724-A5C3-5872050D5060}.Release|x64.Build.0 = Release|x64
		{676A9785-FC3E-4724-A5C3-5872050D5060}.Release|x86.ActiveCfg = Release|Win32
		{676A9785-FC3E-4724-A5C3-5872050D5060}.Release|x86.Build.0 = Release|Win32
		{3D519555-191F-479D-B0F9-21391887BB07}.Debug|x64.ActiveCfg = Debug|x64
		{3D519555-191F-479D-B0F9-21391887BB07}.Debug|x64.Build.0 = Debug|x64
		{3D519555-191F-479D-B0F9-21391887BB07}.Debug|x86.ActiveCfg = Debug|Win32
		{3D519555-191F-479D-B0F9-21391887BB07}.Debug|x86.Build.0 = Debug|Win32
		{3D519555-191F-479D-B0F9-21391887BB07}.Release|x64.ActiveCfg = Release|x64
		{3D519555-191F-479D-B0F9-21391887BB07}.Release|x64.Build.0 = Release|x64
		{3D519555-191F-479D-B0F9-21391887BB07}.Release|x86.ActiveCfg = Release|Win32
		{3D519555-191F-479D-B0F9-21391887BB07}.Release|x86.Build.0 = Release|Win32
		{2798CBEF-6A18-4370-9D72-DC8C1C6CDE1A}.Debug|x64.ActiveCfg = Debug|x64
		{2798CBEF-6A18-4370-9D72-DC8C1C6CDE1A}.Debug|x64.Build.0 = Debug|x64
		{2798CBEF-6A18-4370-9D72-DC8C1C6CDE1A}.Debug|x86.ActiveCfg = Debug|Win32
		{2798CBEF-6A18-4370-9D72-DC8C1C6CDE1A}.Debug|x86.Build.0 = Debug|Win32
		{2798CBEF-6A18-4370-9D72-DC8C1C6CDE1A}.Release|x64.ActiveCfg = Release|x64
		{2798CBEF-6A18-4370-9D72-DC8C1C6CDE1A}.Release|x64.Build.0 = Release|x64
		{2798CBEF-6A18-4370-9D72-DC8C1C6CDE1A}.Release|x86.ActiveCfg = Release|Win32
		{2798CBEF-6A18-4370-9D72-DC8C1C6CDE1A}.Release|x86.Build.0 = Release|Win32
		{96AF11C5-DB8D-446B-8FE8-5A97C7AB4E47}.Debug|x64.ActiveCfg = Debug|x64
		{96AF11C5-DB8D-446B-8FE8-5A97C7AB4E47}.Debug|x64.Build.0 = Debug|x64
		{96AF11C5-DB8D-446B-8FE8-5A97C7AB4E47}.Debug|x86.ActiveCfg = Debug|Win32
		{96AF11C5-DB8D-446B-8FE8-5A97C7AB4E47}.Debug|x86.Build.0 = Debug|Win32
		{96AF11C5-DB8D-446B-8FE8-5A97C7AB4E47}.Release|x64.ActiveCfg = Release|x64
		{96AF11C5-DB8D-446B-8FE8-5A97C7AB4E47}.Release|x64.Build.0 = Release|x64
		{96AF11C5-DB8D-446B-8FE8-5A97C7AB4E47}.Release|x86.ActiveCfg = Release|Win32
		{96AF11C5-DB8D-446B-8FE8-5A97C7AB4E47}.Release|x86.Build.0 = Release|Win32
	EndGlobalSection
	GlobalSection(SolutionProperties) = preSolution
		HideSolutionNode = FALSE
	EndGlobalSection
	GlobalSection(ExtensibilityGlobals) = postSolution
		SolutionGuid = {C101ADA8-AADD-46E7-8C0B-F9F222DE303B}
	EndGlobalSection
EndGlobal
